
Microsoft Visual Studio Solution File, Format Version 12.00
# Visual Studio Version 18
VisualStudioVersion = 18.6.11828.311
MinimumVisualStudioVersion = 10.0.40219.1
Project("{9A19103F-16F7-4668-BE54-9A1E7A4F7556}") = "SharpMod", "SharpMod\SharpMod.csproj", "{9CDC64C9-A77B-414B-881D-F868DB559C18}"
EndProject
Project("{FAE04EC0-301F-11D3-BF4B-00C04F79EFBC}") = "SharpModConsolePlayer", "SharpModConsolePlayer\SharpModConsolePlayer.csproj", "{9ADC64C9-A77B-414B-881D-F868DB559C18}"
EndProject
Project("{FAE04EC0-301F-11D3-BF4B-00C04F79EFBC}") = "SharpModConsolePlayer.Tests", "SharpModConsolePlayer.Tests\SharpModConsolePlayer.Tests.csproj", "{584ACDBB-3E9C-4813-B0C3-AD886C294371}"
EndProject
Project("{2150E333-8FDC-42A3-9474-1A3956D46DE8}") = "GUI", "GUI", "{EF6DD0FD-E73E-48FF-97A0-5A7B35D48252}"
EndProject
Project("{FAE04EC0-301F-11D3-BF4B-00C04F79EFBC}") = "SharpModPlayerGUI", "SharpModPlayerGUI\SharpModPlayerGUI\SharpModPlayerGUI.csproj", "{79A6C48C-13AD-50BC-2461-9B14026B75B5}"
EndProject
Project("{FAE04EC0-301F-11D3-BF4B-00C04F79EFBC}") = "SharpModPlayerGUI.Gtk", "SharpModPlayerGUI\SharpModPlayerGUI.Gtk\SharpModPlayerGUI.Gtk.csproj", "{6341D564-FAB3-06DF-99F3-B3BB62F491F7}"
EndProject
Project("{FAE04EC0-301F-11D3-BF4B-00C04F79EFBC}") = "SharpModPlayerGUI.Mac", "SharpModPlayerGUI\SharpModPlayerGUI.Mac\SharpModPlayerGUI.Mac.csproj", "{55632D40-9D8F-5CE9-B336-6C41D2581A26}"
EndProject
Project("{FAE04EC0-301F-11D3-BF4B-00C04F79EFBC}") = "SharpModPlayerGUI.Wpf", "SharpModPlayerGUI\SharpModPlayerGUI.Wpf\SharpModPlayerGUI.Wpf.csproj", "{F4F90C1A-7C1F-FB11-33F4-330A9858E427}"
EndProject
Project("{2150E333-8FDC-42A3-9474-1A3956D46DE8}") = "TUI", "TUI", "{B16494C2-20E7-4B08-97C5-0CF4153559B9}"
EndProject
Global
	GlobalSection(SolutionConfigurationPlatforms) = preSolution
		Debug|Any CPU = Debug|Any CPU
		Debug|x64 = Debug|x64
		Debug|x86 = Debug|x86
		Release|Any CPU = Release|Any CPU
		Release|x64 = Release|x64
		Release|x86 = Release|x86
	EndGlobalSection
	GlobalSection(ProjectConfigurationPlatforms) = postSolution
		{9CDC64C9-A77B-414B-881D-F868DB559C18}.Debug|Any CPU.ActiveCfg = Debug|Any CPU
		{9CDC64C9-A77B-414B-881D-F868DB559C18}.Debug|Any CPU.Build.0 = Debug|Any CPU
		{9CDC64C9-A77B-414B-881D-F868DB559C18}.Debug|x64.ActiveCfg = Debug|Any CPU
		{9CDC64C9-A77B-414B-881D-F868DB559C18}.Debug|x64.Build.0 = Debug|Any CPU
		{9CDC64C9-A77B-414B-881D-F868DB559C18}.Debug|x86.ActiveCfg = Debug|Any CPU
		{9CDC64C9-A77B-414B-881D-F868DB559C18}.Debug|x86.Build.0 = Debug|Any CPU
		{9CDC64C9-A77B-414B-881D-F868DB559C18}.Release|Any CPU.ActiveCfg = Release|Any CPU
		{9CDC64C9-A77B-414B-881D-F868DB559C18}.Release|Any CPU.Build.0 = Release|Any CPU
		{9CDC64C9-A77B-414B-881D-F868DB559C18}.Release|x64.ActiveCfg = Release|Any CPU
		{9CDC64C9-A77B-414B-881D-F868DB559C18}.Release|x64.Build.0 = Release|Any CPU
		{9CDC64C9-A77B-414B-881D-F868DB559C18}.Release|x86.ActiveCfg = Release|Any CPU
		{9CDC64C9-A77B-414B-881D-F868DB559C18}.Release|x86.Build.0 = Release|Any CPU
		{9ADC64C9-A77B-414B-881D-F868DB559C18}.Debug|Any CPU.ActiveCfg = Debug|Any CPU
		{9ADC64C9-A77B-414B-881D-F868DB559C18}.Debug|Any CPU.Build.0 = Debug|Any CPU
		{9ADC64C9-A77B-414B-881D-F868DB559C18}.Debug|x64.ActiveCfg = Debug|x64
		{9ADC64C9-A77B-414B-881D-F868DB559C18}.Debug|x64.Build.0 = Debug|x64
		{9ADC64C9-A77B-414B-881D-F868DB559C18}.Debug|x86.ActiveCfg = Debug|x86
		{9ADC64C9-A77B-414B-881D-F868DB559C18}.Debug|x86.Build.0 = Debug|x86
		{9ADC64C9-A77B-414B-881D-F868DB559C18}.Release|Any CPU.ActiveCfg = Release|Any CPU
		{9ADC64C9-A77B-414B-881D-F868DB559C18}.Release|Any CPU.Build.0 = Release|Any CPU
		{9ADC64C9-A77B-414B-881D-F868DB559C18}.Release|x64.ActiveCfg = Release|x64
		{9ADC64C9-A77B-414B-881D-F868DB559C18}.Release|x64.Build.0 = Release|x64
		{9ADC64C9-A77B-414B-881D-F868DB559C18}.Release|x86.ActiveCfg = Release|x86
		{9ADC64C9-A77B-414B-881D-F868DB559C18}.Release|x86.Build.0 = Release|x86
		{584ACDBB-3E9C-4813-B0C3-AD886C294371}.Debug|Any CPU.ActiveCfg = Debug|Any CPU
		{584ACDBB-3E9C-4813-B0C3-AD886C294371}.Debug|Any CPU.Build.0 = Debug|Any CPU
		{584ACDBB-3E9C-4813-B0C3-AD886C294371}.Debug|x64.ActiveCfg = Debug|Any CPU
		{584ACDBB-3E9C-4813-B0C3-AD886C294371}.Debug|x64.Build.0 = Debug|Any CPU
		{584ACDBB-3E9C-4813-B0C3-AD886C294371}.Debug|x86.ActiveCfg = Debug|Any CPU
		{584ACDBB-3E9C-4813-B0C3-AD886C294371}.Debug|x86.Build.0 = Debug|Any CPU
		{584ACDBB-3E9C-4813-B0C3-AD886C294371}.Release|Any CPU.ActiveCfg = Release|Any CPU
		{584ACDBB-3E9C-4813-B0C3-AD886C294371}.Release|Any CPU.Build.0 = Release|Any CPU
		{584ACDBB-3E9C-4813-B0C3-AD886C294371}.Release|x64.ActiveCfg = Release|Any CPU
		{584ACDBB-3E9C-4813-B0C3-AD886C294371}.Release|x64.Build.0 = Release|Any CPU
		{584ACDBB-3E9C-4813-B0C3-AD886C294371}.Release|x86.ActiveCfg = Release|Any CPU
		{584ACDBB-3E9C-4813-B0C3-AD886C294371}.Release|x86.Build.0 = Release|Any CPU
		{79A6C48C-13AD-50BC-2461-9B14026B75B5}.Debug|Any CPU.ActiveCfg = Debug|Any CPU
		{79A6C48C-13AD-50BC-2461-9B14026B75B5}.Debug|Any CPU.Build.0 = Debug|Any CPU
		{79A6C48C-13AD-50BC-2461-9B14026B75B5}.Debug|x64.ActiveCfg = Debug|Any CPU
		{79A6C48C-13AD-50BC-2461-9B14026B75B5}.Debug|x64.Build.0 = Debug|Any CPU
		{79A6C48C-13AD-50BC-2461-9B14026B75B5}.Debug|x86.ActiveCfg = Debug|Any CPU
		{79A6C48C-13AD-50BC-2461-9B14026B75B5}.Debug|x86.Build.0 = Debug|Any CPU
		{79A6C48C-13AD-50BC-2461-9B14026B75B5}.Release|Any CPU.ActiveCfg = Release|Any CPU
		{79A6C48C-13AD-50BC-2461-9B14026B75B5}.Release|Any CPU.Build.0 = Release|Any CPU
		{79A6C48C-13AD-50BC-2461-9B14026B75B5}.Release|x64.ActiveCfg = Release|Any CPU
		{79A6C48C-13AD-50BC-2461-9B14026B75B5}.Release|x64.Build.0 = Release|Any CPU
		{79A6C48C-13AD-50BC-2461-9B14026B75B5}.Release|x86.ActiveCfg = Release|Any CPU
		{79A6C48C-13AD-50BC-2461-9B14026B75B5}.Release|x86.Build.0 = Release|Any CPU
		{6341D564-FAB3-06DF-99F3-B3BB62F491F7}.Debug|Any CPU.ActiveCfg = Debug|Any CPU
		{6341D564-FAB3-06DF-99F3-B3BB62F491F7}.Debug|Any CPU.Build.0 = Debug|Any CPU
		{6341D564-FAB3-06DF-99F3-B3BB62F491F7}.Debug|x64.ActiveCfg = Debug|Any CPU
		{6341D564-FAB3-06DF-99F3-B3BB62F491F7}.Debug|x64.Build.0 = Debug|Any CPU
		{6341D564-FAB3-06DF-99F3-B3BB62F491F7}.Debug|x86.ActiveCfg = Debug|Any CPU
		{6341D564-FAB3-06DF-99F3-B3BB62F491F7}.Debug|x86.Build.0 = Debug|Any CPU
		{6341D564-FAB3-06DF-99F3-B3BB62F491F7}.Release|Any CPU.ActiveCfg = Release|Any CPU
		{6341D564-FAB3-06DF-99F3-B3BB62F491F7}.Release|Any CPU.Build.0 = Release|Any CPU
		{6341D564-FAB3-06DF-99F3-B3BB62F491F7}.Release|x64.ActiveCfg = Release|Any CPU
		{6341D564-FAB3-06DF-99F3-B3BB62F491F7}.Release|x64.Build.0 = Release|Any CPU
		{6341D564-FAB3-06DF-99F3-B3BB62F491F7}.Release|x86.ActiveCfg = Release|Any CPU
		{6341D564-FAB3-06DF-99F3-B3BB62F491F7}.Release|x86.Build.0 = Release|Any CPU
		{55632D40-9D8F-5CE9-B336-6C41D2581A26}.Debug|Any CPU.ActiveCfg = Debug|Any CPU
		{55632D40-9D8F-5CE9-B336-6C41D2581A26}.Debug|Any CPU.Build.0 = Debug|Any CPU
		{55632D40-9D8F-5CE9-B336-6C41D2581A26}.Debug|x64.ActiveCfg = Debug|Any CPU
		{55632D40-9D8F-5CE9-B336-6C41D2581A26}.Debug|x64.Build.0 = Debug|Any CPU
		{55632D40-9D8F-5CE9-B336-6C41D2581A26}.Debug|x86.ActiveCfg = Debug|Any CPU
		{55632D40-9D8F-5CE9-B336-6C41D2581A26}.Debug|x86.Build.0 = Debug|Any CPU
		{55632D40-9D8F-5CE9-B336-6C41D2581A26}.Release|Any CPU.ActiveCfg = Release|Any CPU
		{55632D40-9D8F-5CE9-B336-6C41D2581A26}.Release|Any CPU.Build.0 = Release|Any CPU
		{55632D40-9D8F-5CE9-B336-6C41D2581A26}.Release|x64.ActiveCfg = Release|Any CPU
		{55632D40-9D8F-5CE9-B336-6C41D2581A26}.Release|x64.Build.0 = Release|Any CPU
		{55632D40-9D8F-5CE9-B336-6C41D2581A26}.Release|x86.ActiveCfg = Release|Any CPU
		{55632D40-9D8F-5CE9-B336-6C41D2581A26}.Release|x86.Build.0 = Release|Any CPU
		{F4F90C1A-7C1F-FB11-33F4-330A9858E427}.Debug|Any CPU.ActiveCfg = Debug|Any CPU
		{F4F90C1A-7C1F-FB11-33F4-330A9858E427}.Debug|Any CPU.Build.0 = Debug|Any CPU
		{F4F90C1A-7C1F-FB11-33F4-330A9858E427}.Debug|x64.ActiveCfg = Debug|Any CPU
		{F4F90C1A-7C1F-FB11-33F4-330A9858E427}.Debug|x64.Build.0 = Debug|Any CPU
		{F4F90C1A-7C1F-FB11-33F4-330A9858E427}.Debug|x86.ActiveCfg = Debug|Any CPU
		{F4F90C1A-7C1F-FB11-33F4-330A9858E427}.Debug|x86.Build.0 = Debug|Any CPU
		{F4F90C1A-7C1F-FB11-33F4-330A9858E427}.Release|Any CPU.ActiveCfg = Release|Any CPU
		{F4F90C1A-7C1F-FB11-33F4-330A9858E427}.Release|Any CPU.Build.0 = Release|Any CPU
		{F4F90C1A-7C1F-FB11-33F4-330A9858E427}.Release|x64.ActiveCfg = Release|Any CPU
		{F4F90C1A-7C1F-FB11-33F4-330A9858E427}.Release|x64.Build.0 = Release|Any CPU
		{F4F90C1A-7C1F-FB11-33F4-330A9858E427}.Release|x86.ActiveCfg = Release|Any CPU
		{F4F90C1A-7C1F-FB11-33F4-330A9858E427}.Release|x86.Build.0 = Release|Any CPU
	EndGlobalSection
	GlobalSection(SolutionProperties) = preSolution
		HideSolutionNode = FALSE
	EndGlobalSection
	GlobalSection(NestedProjects) = preSolution
		{9ADC64C9-A77B-414B-881D-F868DB559C18} = {B16494C2-20E7-4B08-97C5-0CF4153559B9}
		{79A6C48C-13AD-50BC-2461-9B14026B75B5} = {EF6DD0FD-E73E-48FF-97A0-5A7B35D48252}
		{6341D564-FAB3-06DF-99F3-B3BB62F491F7} = {EF6DD0FD-E73E-48FF-97A0-5A7B35D48252}
		{55632D40-9D8F-5CE9-B336-6C41D2581A26} = {EF6DD0FD-E73E-48FF-97A0-5A7B35D48252}
		{F4F90C1A-7C1F-FB11-33F4-330A9858E427} = {EF6DD0FD-E73E-48FF-97A0-5A7B35D48252}
	EndGlobalSection
	GlobalSection(ExtensibilityGlobals) = postSolution
		SolutionGuid = {FC020155-EA08-4D88-93D2-4966ED3429AC}
	EndGlobalSection
EndGlobal
